
Microsoft Visual Studio Solution File, Format Version 12.00
# Visual Studio Version 17
VisualStudioVersion = 17.4.33213.308
MinimumVisualStudioVersion = 10.0.40219.1
Project("{FAE04EC0-301F-11D3-BF4B-00C04F79EFBC}") = "AspectOrientedProgramingSample", "AspectOrientedProgramingSample\AspectOrientedProgramingSample.csproj", "{7BC33DA4-B546-4BDD-93C3-61597CA0B61F}"
EndProject
Global
	GlobalSection(SolutionConfigurationPlatforms) = preSolution
		Debug|Any CPU = Debug|Any CPU
		Release|Any CPU = Release|Any CPU
	EndGlobalSection
	GlobalSection(ProjectConfigurationPlatforms) = postSolution
		{7BC33DA4-B546-4BDD-93C3-61597CA0B61F}.Debug|Any CPU.ActiveCfg = Debug|Any CPU
		{7BC33DA4-B546-4BDD-93C3-61597CA0B61F}.Debug|Any CPU.Build.0 = Debug|Any CPU
		{7BC33DA4-B546-4BDD-93C3-61597CA0B61F}.Release|Any CPU.ActiveCfg = Release|Any CPU
		{7BC33DA4-B546-4BDD-93C3-61597CA0B61F}.Release|Any CPU.Build.0 = Release|Any CPU
	EndGlobalSection
	GlobalSection(SolutionProperties) = preSolution
		HideSolutionNode = FALSE
	EndGlobalSection
	GlobalSection(ExtensibilityGlobals) = postSolution
		SolutionGuid = {3860A462-4BA7-4AE8-AD22-F8DC1F9622F9}
	EndGlobalSection
EndGlobal
